
Microsoft Visual Studio Solution File, Format Version 12.00
# Visual Studio Version 16
VisualStudioVersion = 16.0.30907.101
MinimumVisualStudioVersion = 10.0.40219.1
Project("{FAE04EC0-301F-11D3-BF4B-00C04F79EFBC}") = "DesktopApp", "DesktopApp\DesktopApp.csproj", "{F71B175A-A946-4EAB-A09B-10DF8C5AB178}"
	ProjectSection(ProjectDependencies) = postProject
		{5636BA02-7323-4BCC-898A-279DD485A746} = {5636BA02-7323-4BCC-898A-279DD485A746}
	EndProjectSection
EndProject
Project("{FAE04EC0-301F-11D3-BF4B-00C04F79EFBC}") = "DiscordModel", "DiscordModel\DiscordModel.csproj", "{5636BA02-7323-4BCC-898A-279DD485A746}"
EndProject
Project("{FAE04EC0-301F-11D3-BF4B-00C04F79EFBC}") = "DiscordModelTest", "DiscordModelTest\DiscordModelTest.csproj", "{70B4C048-EBC5-42DF-A559-44EE47C0D828}"
EndProject
Global
	GlobalSection(SolutionConfigurationPlatforms) = preSolution
		Debug|Any CPU = Debug|Any CPU
		Release|Any CPU = Release|Any CPU
	EndGlobalSection
	GlobalSection(ProjectConfigurationPlatforms) = postSolution
		{F71B175A-A946-4EAB-A09B-10DF8C5AB178}.Debug|Any CPU.ActiveCfg = Debug|Any CPU
		{F71B175A-A946-4EAB-A09B-10DF8C5AB178}.Debug|Any CPU.Build.0 = Debug|Any CPU
		{F71B175A-A946-4EAB-A09B-10DF8C5AB178}.Release|Any CPU.ActiveCfg = Release|Any CPU
		{F71B175A-A946-4EAB-A09B-10DF8C5AB178}.Release|Any CPU.Build.0 = Release|Any CPU
		{5636BA02-7323-4BCC-898A-279DD485A746}.Debug|Any CPU.ActiveCfg = Debug|Any CPU
		{5636BA02-7323-4BCC-898A-279DD485A746}.Debug|Any CPU.Build.0 = Debug|Any CPU
		{5636BA02-7323-4BCC-898A-279DD485A746}.Release|Any CPU.ActiveCfg = Release|Any CPU
		{5636BA02-7323-4BCC-898A-279DD485A746}.Release|Any CPU.Build.0 = Release|Any CPU
		{70B4C048-EBC5-42DF-A559-44EE47C0D828}.Debug|Any CPU.ActiveCfg = Debug|Any CPU
		{70B4C048-EBC5-42DF-A559-44EE47C0D828}.Debug|Any CPU.Build.0 = Debug|Any CPU
		{70B4C048-EBC5-42DF-A559-44EE47C0D828}.Release|Any CPU.ActiveCfg = Release|Any CPU
		{70B4C048-EBC5-42DF-A559-44EE47C0D828}.Release|Any CPU.Build.0 = Release|Any CPU
	EndGlobalSection
	GlobalSection(SolutionProperties) = preSolution
		HideSolutionNode = FALSE
	EndGlobalSection
	GlobalSection(ExtensibilityGlobals) = postSolution
		SolutionGuid = {3A03CB42-42A6-4EA6-A9AD-487EB430DA46}
	EndGlobalSection
EndGlobal
